
Microsoft Visual Studio Solution File, Format Version 12.00
# Visual Studio Version 17
VisualStudioVersion = 17.13.35919.96 d17.13
MinimumVisualStudioVersion = 10.0.40219.1
Project("{FAE04EC0-301F-11D3-BF4B-00C04F79EFBC}") = "EclipseWorks.TaskManager", "EclipseWorks.TaskManager\EclipseWorks.TaskManager.csproj", "{081B7378-8629-43C3-8444-FCA2C5163BC3}"
EndProject
Project("{FAE04EC0-301F-11D3-BF4B-00C04F79EFBC}") = "EclipseWorks.TaskManager.Servico", "EclipseWorks.TaskManager.Servico\EclipseWorks.TaskManager.Servico.csproj", "{B4D748E5-6E94-4A73-809A-656F2575A5EF}"
EndProject
Global
	GlobalSection(SolutionConfigurationPlatforms) = preSolution
		Debug|Any CPU = Debug|Any CPU
		Release|Any CPU = Release|Any CPU
	EndGlobalSection
	GlobalSection(ProjectConfigurationPlatforms) = postSolution
		{081B7378-8629-43C3-8444-FCA2C5163BC3}.Debug|Any CPU.ActiveCfg = Debug|Any CPU
		{081B7378-8629-43C3-8444-FCA2C5163BC3}.Debug|Any CPU.Build.0 = Debug|Any CPU
		{081B7378-8629-43C3-8444-FCA2C5163BC3}.Release|Any CPU.ActiveCfg = Release|Any CPU
		{081B7378-8629-43C3-8444-FCA2C5163BC3}.Release|Any CPU.Build.0 = Release|Any CPU
		{B4D748E5-6E94-4A73-809A-656F2575A5EF}.Debug|Any CPU.ActiveCfg = Debug|Any CPU
		{B4D748E5-6E94-4A73-809A-656F2575A5EF}.Debug|Any CPU.Build.0 = Debug|Any CPU
		{B4D748E5-6E94-4A73-809A-656F2575A5EF}.Release|Any CPU.ActiveCfg = Release|Any CPU
		{B4D748E5-6E94-4A73-809A-656F2575A5EF}.Release|Any CPU.Build.0 = Release|Any CPU
	EndGlobalSection
	GlobalSection(SolutionProperties) = preSolution
		HideSolutionNode = FALSE
	EndGlobalSection
	GlobalSection(ExtensibilityGlobals) = postSolution
		SolutionGuid = {85EA2FB3-EA96-4402-982E-188B95DF66D5}
	EndGlobalSection
EndGlobal
